
Microsoft Visual Studio Solution File, Format Version 12.00
# Visual Studio 15
VisualStudioVersion = 15.0.27130.0
MinimumVisualStudioVersion = 10.0.40219.1
Project("{FAE04EC0-301F-11D3-BF4B-00C04F79EFBC}") = "BowlingScorer", "BowlingScorer\BowlingScorer.csproj", "{16015A04-788F-4C78-8252-B9E73769B170}"
EndProject
Project("{FAE04EC0-301F-11D3-BF4B-00C04F79EFBC}") = "Tests", "Tests\Tests.csproj", "{8046F198-AC32-46C9-8E59-DE323CEB138F}"
EndProject
Project("{9A19103F-16F7-4668-BE54-9A1E7A4F7556}") = "CodeGen", "CodeGen\CodeGen.csproj", "{F8DD15C8-CEE7-4A8B-BC2A-B5A91BFD03E5}"
EndProject
Global
	GlobalSection(SolutionConfigurationPlatforms) = preSolution
		Debug|Any CPU = Debug|Any CPU
		Release|Any CPU = Release|Any CPU
	EndGlobalSection
	GlobalSection(ProjectConfigurationPlatforms) = postSolution
		{16015A04-788F-4C78-8252-B9E73769B170}.Debug|Any CPU.ActiveCfg = Debug|Any CPU
		{16015A04-788F-4C78-8252-B9E73769B170}.Debug|Any CPU.Build.0 = Debug|Any CPU
		{16015A04-788F-4C78-8252-B9E73769B170}.Release|Any CPU.ActiveCfg = Release|Any CPU
		{16015A04-788F-4C78-8252-B9E73769B170}.Release|Any CPU.Build.0 = Release|Any CPU
		{8046F198-AC32-46C9-8E59-DE323CEB138F}.Debug|Any CPU.ActiveCfg = Debug|Any CPU
		{8046F198-AC32-46C9-8E59-DE323CEB138F}.Debug|Any CPU.Build.0 = Debug|Any CPU
		{8046F198-AC32-46C9-8E59-DE323CEB138F}.Release|Any CPU.ActiveCfg = Release|Any CPU
		{8046F198-AC32-46C9-8E59-DE323CEB138F}.Release|Any CPU.Build.0 = Release|Any CPU
		{F8DD15C8-CEE7-4A8B-BC2A-B5A91BFD03E5}.Debug|Any CPU.ActiveCfg = Debug|Any CPU
		{F8DD15C8-CEE7-4A8B-BC2A-B5A91BFD03E5}.Debug|Any CPU.Build.0 = Debug|Any CPU
		{F8DD15C8-CEE7-4A8B-BC2A-B5A91BFD03E5}.Release|Any CPU.ActiveCfg = Release|Any CPU
		{F8DD15C8-CEE7-4A8B-BC2A-B5A91BFD03E5}.Release|Any CPU.Build.0 = Release|Any CPU
	EndGlobalSection
	GlobalSection(SolutionProperties) = preSolution
		HideSolutionNode = FALSE
	EndGlobalSection
	GlobalSection(ExtensibilityGlobals) = postSolution
		SolutionGuid = {10BFA846-A013-4592-8143-8CB80334F474}
	EndGlobalSection
EndGlobal
